
Microsoft Visual Studio Solution File, Format Version 12.00
# Visual Studio 15
VisualStudioVersion = 15.0.26124.0
MinimumVisualStudioVersion = 15.0.26124.0
Project("{FAE04EC0-301F-11D3-BF4B-00C04F79EFBC}") = "RecruitmentTaskApi.Api", "RecruitmentTaskApi.Api\RecruitmentTaskApi.Api.csproj", "{D528D863-5198-48FA-924F-7FC06BC796C3}"
EndProject
Project("{FAE04EC0-301F-11D3-BF4B-00C04F79EFBC}") = "RecruitmentTaskApi.Services", "RecruitmentTaskApi.Services\RecruitmentTaskApi.Services.csproj", "{2F4D13D3-2BF6-42AA-8A93-847BF6766B2D}"
EndProject
Project("{FAE04EC0-301F-11D3-BF4B-00C04F79EFBC}") = "RecruitmentTaskApi.Domain", "RecruitmentTaskApi.Domain\RecruitmentTaskApi.Domain.csproj", "{28393D4F-734D-4CB1-BEEF-4898C53B5447}"
EndProject
Global
	GlobalSection(SolutionConfigurationPlatforms) = preSolution
		Debug|Any CPU = Debug|Any CPU
		Debug|x64 = Debug|x64
		Debug|x86 = Debug|x86
		Release|Any CPU = Release|Any CPU
		Release|x64 = Release|x64
		Release|x86 = Release|x86
	EndGlobalSection
	GlobalSection(SolutionProperties) = preSolution
		HideSolutionNode = FALSE
	EndGlobalSection
	GlobalSection(ProjectConfigurationPlatforms) = postSolution
		{D528D863-5198-48FA-924F-7FC06BC796C3}.Debug|Any CPU.ActiveCfg = Debug|Any CPU
		{D528D863-5198-48FA-924F-7FC06BC796C3}.Debug|Any CPU.Build.0 = Debug|Any CPU
		{D528D863-5198-48FA-924F-7FC06BC796C3}.Debug|x64.ActiveCfg = Debug|Any CPU
		{D528D863-5198-48FA-924F-7FC06BC796C3}.Debug|x64.Build.0 = Debug|Any CPU
		{D528D863-5198-48FA-924F-7FC06BC796C3}.Debug|x86.ActiveCfg = Debug|Any CPU
		{D528D863-5198-48FA-924F-7FC06BC796C3}.Debug|x86.Build.0 = Debug|Any CPU
		{D528D863-5198-48FA-924F-7FC06BC796C3}.Release|Any CPU.ActiveCfg = Release|Any CPU
		{D528D863-5198-48FA-924F-7FC06BC796C3}.Release|Any CPU.Build.0 = Release|Any CPU
		{D528D863-5198-48FA-924F-7FC06BC796C3}.Release|x64.ActiveCfg = Release|Any CPU
		{D528D863-5198-48FA-924F-7FC06BC796C3}.Release|x64.Build.0 = Release|Any CPU
		{D528D863-5198-48FA-924F-7FC06BC796C3}.Release|x86.ActiveCfg = Release|Any CPU
		{D528D863-5198-48FA-924F-7FC06BC796C3}.Release|x86.Build.0 = Release|Any CPU
		{2F4D13D3-2BF6-42AA-8A93-847BF6766B2D}.Debug|Any CPU.ActiveCfg = Debug|Any CPU
		{2F4D13D3-2BF6-42AA-8A93-847BF6766B2D}.Debug|Any CPU.Build.0 = Debug|Any CPU
		{2F4D13D3-2BF6-42AA-8A93-847BF6766B2D}.Debug|x64.ActiveCfg = Debug|Any CPU
		{2F4D13D3-2BF6-42AA-8A93-847BF6766B2D}.Debug|x64.Build.0 = Debug|Any CPU
		{2F4D13D3-2BF6-42AA-8A93-847BF6766B2D}.Debug|x86.ActiveCfg = Debug|Any CPU
		{2F4D13D3-2BF6-42AA-8A93-847BF6766B2D}.Debug|x86.Build.0 = Debug|Any CPU
		{2F4D13D3-2BF6-42AA-8A93-847BF6766B2D}.Release|Any CPU.ActiveCfg = Release|Any CPU
		{2F4D13D3-2BF6-42AA-8A93-847BF6766B2D}.Release|Any CPU.Build.0 = Release|Any CPU
		{2F4D13D3-2BF6-42AA-8A93-847BF6766B2D}.Release|x64.ActiveCfg = Release|Any CPU
		{2F4D13D3-2BF6-42AA-8A93-847BF6766B2D}.Release|x64.Build.0 = Release|Any CPU
		{2F4D13D3-2BF6-42AA-8A93-847BF6766B2D}.Release|x86.ActiveCfg = Release|Any CPU
		{2F4D13D3-2BF6-42AA-8A93-847BF6766B2D}.Release|x86.Build.0 = Release|Any CPU
		{28393D4F-734D-4CB1-BEEF-4898C53B5447}.Debug|Any CPU.ActiveCfg = Debug|Any CPU
		{28393D4F-734D-4CB1-BEEF-4898C53B5447}.Debug|Any CPU.Build.0 = Debug|Any CPU
		{28393D4F-734D-4CB1-BEEF-4898C53B5447}.Debug|x64.ActiveCfg = Debug|Any CPU
		{28393D4F-734D-4CB1-BEEF-4898C53B5447}.Debug|x64.Build.0 = Debug|Any CPU
		{28393D4F-734D-4CB1-BEEF-4898C53B5447}.Debug|x86.ActiveCfg = Debug|Any CPU
		{28393D4F-734D-4CB1-BEEF-4898C53B5447}.Debug|x86.Build.0 = Debug|Any CPU
		{28393D4F-734D-4CB1-BEEF-4898C53B5447}.Release|Any CPU.ActiveCfg = Release|Any CPU
		{28393D4F-734D-4CB1-BEEF-4898C53B5447}.Release|Any CPU.Build.0 = Release|Any CPU
		{28393D4F-734D-4CB1-BEEF-4898C53B5447}.Release|x64.ActiveCfg = Release|Any CPU
		{28393D4F-734D-4CB1-BEEF-4898C53B5447}.Release|x64.Build.0 = Release|Any CPU
		{28393D4F-734D-4CB1-BEEF-4898C53B5447}.Release|x86.ActiveCfg = Release|Any CPU
		{28393D4F-734D-4CB1-BEEF-4898C53B5447}.Release|x86.Build.0 = Release|Any CPU
	EndGlobalSection
EndGlobal
